
Microsoft Visual Studio Solution File, Format Version 12.00
# Visual Studio Version 16
VisualStudioVersion = 16.0.30907.101
MinimumVisualStudioVersion = 10.0.40219.1
Project("{FAE04EC0-301F-11D3-BF4B-00C04F79EFBC}") = "Lab2", "Lab1\Lab2.csproj", "{B044D674-BCDE-4293-9071-41EF2C9E8849}"
EndProject
Project("{FAE04EC0-301F-11D3-BF4B-00C04F79EFBC}") = "ICT3101_Calculator.UnitTests", "ICT3101_Calculator.UnitTests\ICT3101_Calculator.UnitTests\ICT3101_Calculator.UnitTests.csproj", "{5066A4EC-321F-4E52-AD40-DFCDB88FF296}"
EndProject
Global
	GlobalSection(SolutionConfigurationPlatforms) = preSolution
		Debug|Any CPU = Debug|Any CPU
		Release|Any CPU = Release|Any CPU
	EndGlobalSection
	GlobalSection(ProjectConfigurationPlatforms) = postSolution
		{B044D674-BCDE-4293-9071-41EF2C9E8849}.Debug|Any CPU.ActiveCfg = Debug|Any CPU
		{B044D674-BCDE-4293-9071-41EF2C9E8849}.Debug|Any CPU.Build.0 = Debug|Any CPU
		{B044D674-BCDE-4293-9071-41EF2C9E8849}.Release|Any CPU.ActiveCfg = Release|Any CPU
		{B044D674-BCDE-4293-9071-41EF2C9E8849}.Release|Any CPU.Build.0 = Release|Any CPU
		{5066A4EC-321F-4E52-AD40-DFCDB88FF296}.Debug|Any CPU.ActiveCfg = Debug|Any CPU
		{5066A4EC-321F-4E52-AD40-DFCDB88FF296}.Debug|Any CPU.Build.0 = Debug|Any CPU
		{5066A4EC-321F-4E52-AD40-DFCDB88FF296}.Release|Any CPU.ActiveCfg = Release|Any CPU
		{5066A4EC-321F-4E52-AD40-DFCDB88FF296}.Release|Any CPU.Build.0 = Release|Any CPU
	EndGlobalSection
	GlobalSection(SolutionProperties) = preSolution
		HideSolutionNode = FALSE
	EndGlobalSection
	GlobalSection(ExtensibilityGlobals) = postSolution
		SolutionGuid = {1A177EC2-2D66-46DD-8E65-20094FC575E9}
	EndGlobalSection
EndGlobal
